
Microsoft Visual Studio Solution File, Format Version 12.00
# Visual Studio Version 16
VisualStudioVersion = 16.0.30204.135
MinimumVisualStudioVersion = 10.0.40219.1
Project("{9A19103F-16F7-4668-BE54-9A1E7A4F7556}") = "FishTank", "FishTank.csproj", "{AA4C6AFB-F735-4B3B-9E82-4138278B7DCA}"
EndProject
Project("{9A19103F-16F7-4668-BE54-9A1E7A4F7556}") = "FishTankTests", "..\TankTests\FishTankTests.csproj", "{F2DD8572-7BFB-427C-B5B9-6E7E0CB11220}"
EndProject
Global
	GlobalSection(SolutionConfigurationPlatforms) = preSolution
		Debug|Any CPU = Debug|Any CPU
		Release|Any CPU = Release|Any CPU
	EndGlobalSection
	GlobalSection(ProjectConfigurationPlatforms) = postSolution
		{AA4C6AFB-F735-4B3B-9E82-4138278B7DCA}.Debug|Any CPU.ActiveCfg = Debug|Any CPU
		{AA4C6AFB-F735-4B3B-9E82-4138278B7DCA}.Debug|Any CPU.Build.0 = Debug|Any CPU
		{AA4C6AFB-F735-4B3B-9E82-4138278B7DCA}.Release|Any CPU.ActiveCfg = Release|Any CPU
		{AA4C6AFB-F735-4B3B-9E82-4138278B7DCA}.Release|Any CPU.Build.0 = Release|Any CPU
		{F2DD8572-7BFB-427C-B5B9-6E7E0CB11220}.Debug|Any CPU.ActiveCfg = Debug|Any CPU
		{F2DD8572-7BFB-427C-B5B9-6E7E0CB11220}.Debug|Any CPU.Build.0 = Debug|Any CPU
		{F2DD8572-7BFB-427C-B5B9-6E7E0CB11220}.Release|Any CPU.ActiveCfg = Release|Any CPU
		{F2DD8572-7BFB-427C-B5B9-6E7E0CB11220}.Release|Any CPU.Build.0 = Release|Any CPU
	EndGlobalSection
	GlobalSection(SolutionProperties) = preSolution
		HideSolutionNode = FALSE
	EndGlobalSection
	GlobalSection(ExtensibilityGlobals) = postSolution
		SolutionGuid = {FA6E002D-8359-4309-9E75-B1B2A86406AC}
	EndGlobalSection
EndGlobal
